
Microsoft Visual Studio Solution File, Format Version 12.00
# Visual Studio Version 16
VisualStudioVersion = 16.0.31702.278
MinimumVisualStudioVersion = 10.0.40219.1
Project("{9A19103F-16F7-4668-BE54-9A1E7A4F7556}") = "VipaksAeroplane", "VipaksAeroplane\VipaksAeroplane.csproj", "{CDCCF628-245F-463D-973D-41642F8F18B6}"
EndProject
Project("{9A19103F-16F7-4668-BE54-9A1E7A4F7556}") = "Autofac.SmartNavigation", "Autofac.SmartNavigation\Autofac.SmartNavigation.csproj", "{8C8A659D-190F-418F-9D53-409B04C9EDD2}"
EndProject
Project("{FAE04EC0-301F-11D3-BF4B-00C04F79EFBC}") = "AirportParser", "AirportParser\AirportParser.csproj", "{18F12869-431C-4828-889E-FDACB57EE4A8}"
EndProject
Global
	GlobalSection(SolutionConfigurationPlatforms) = preSolution
		Debug|Any CPU = Debug|Any CPU
		Release|Any CPU = Release|Any CPU
	EndGlobalSection
	GlobalSection(ProjectConfigurationPlatforms) = postSolution
		{CDCCF628-245F-463D-973D-41642F8F18B6}.Debug|Any CPU.ActiveCfg = Debug|Any CPU
		{CDCCF628-245F-463D-973D-41642F8F18B6}.Debug|Any CPU.Build.0 = Debug|Any CPU
		{CDCCF628-245F-463D-973D-41642F8F18B6}.Release|Any CPU.ActiveCfg = Release|Any CPU
		{CDCCF628-245F-463D-973D-41642F8F18B6}.Release|Any CPU.Build.0 = Release|Any CPU
		{8C8A659D-190F-418F-9D53-409B04C9EDD2}.Debug|Any CPU.ActiveCfg = Debug|Any CPU
		{8C8A659D-190F-418F-9D53-409B04C9EDD2}.Debug|Any CPU.Build.0 = Debug|Any CPU
		{8C8A659D-190F-418F-9D53-409B04C9EDD2}.Release|Any CPU.ActiveCfg = Release|Any CPU
		{8C8A659D-190F-418F-9D53-409B04C9EDD2}.Release|Any CPU.Build.0 = Release|Any CPU
		{18F12869-431C-4828-889E-FDACB57EE4A8}.Debug|Any CPU.ActiveCfg = Debug|Any CPU
		{18F12869-431C-4828-889E-FDACB57EE4A8}.Debug|Any CPU.Build.0 = Debug|Any CPU
		{18F12869-431C-4828-889E-FDACB57EE4A8}.Release|Any CPU.ActiveCfg = Release|Any CPU
		{18F12869-431C-4828-889E-FDACB57EE4A8}.Release|Any CPU.Build.0 = Release|Any CPU
	EndGlobalSection
	GlobalSection(SolutionProperties) = preSolution
		HideSolutionNode = FALSE
	EndGlobalSection
	GlobalSection(ExtensibilityGlobals) = postSolution
		SolutionGuid = {24161FFF-707B-4672-8A7F-5F53DB9B6A13}
	EndGlobalSection
EndGlobal
